
Microsoft Visual Studio Solution File, Format Version 12.00
# Visual Studio Version 17
VisualStudioVersion = 17.5.33516.290
MinimumVisualStudioVersion = 10.0.40219.1
Project("{FAE04EC0-301F-11D3-BF4B-00C04F79EFBC}") = "ejer4", "ejer4\ejer4.csproj", "{5EA84A37-EEB7-4741-A17A-D8FC3EA94F97}"
EndProject
Project("{FAE04EC0-301F-11D3-BF4B-00C04F79EFBC}") = "ejer5", "ejer5\ejer5.csproj", "{0E3DB069-72F2-459D-86FC-7F21B5170510}"
EndProject
Project("{FAE04EC0-301F-11D3-BF4B-00C04F79EFBC}") = "ejer1", "ejer1\ejer1.csproj", "{EEF3EC5C-D5F1-4F3F-8531-DEB31A073FB7}"
EndProject
Project("{FAE04EC0-301F-11D3-BF4B-00C04F79EFBC}") = "ejer2", "ejer2\ejer2.csproj", "{CFC1E8C7-035E-4706-8A18-034BAD3327E4}"
EndProject
Project("{FAE04EC0-301F-11D3-BF4B-00C04F79EFBC}") = "ejer3", "ejer3\ejer3.csproj", "{8E00F353-51F4-4EFA-B955-D7BDD7884469}"
EndProject
Project("{FAE04EC0-301F-11D3-BF4B-00C04F79EFBC}") = "ejer10", "ejer10\ejer10.csproj", "{2E20C0B3-547B-4C1D-9BC4-4F0FF690734C}"
EndProject
Project("{FAE04EC0-301F-11D3-BF4B-00C04F79EFBC}") = "pong", "pong\pong.csproj", "{6ED35109-7BFB-4633-88F5-390D46430A4A}"
EndProject
Project("{FAE04EC0-301F-11D3-BF4B-00C04F79EFBC}") = "ejer11", "ejer11\ejer11.csproj", "{19E2AC55-F174-4909-9D4D-6E6B45CD5FDE}"
EndProject
Project("{FAE04EC0-301F-11D3-BF4B-00C04F79EFBC}") = "ejer12", "ejer12\ejer12.csproj", "{BBD57E45-8402-456D-BC85-9DAA3C68E317}"
EndProject
Project("{FAE04EC0-301F-11D3-BF4B-00C04F79EFBC}") = "ejer13", "ejer13\ejer13.csproj", "{412FA1A5-6453-4EB0-9A6D-8FC46965C77A}"
EndProject
Project("{FAE04EC0-301F-11D3-BF4B-00C04F79EFBC}") = "ejer14", "ejer14\ejer14.csproj", "{1089ABFF-F2AC-4A5C-97A8-AC0B9A6D6E9C}"
EndProject
Project("{FAE04EC0-301F-11D3-BF4B-00C04F79EFBC}") = "ejer15", "ejer15\ejer15.csproj", "{8227D7D6-0856-45C5-83C8-F7ABFA9FD36B}"
EndProject
Project("{FAE04EC0-301F-11D3-BF4B-00C04F79EFBC}") = "ejer16", "ejer16\ejer16.csproj", "{96784769-6A00-4161-8FD2-630B84465AD5}"
EndProject
Project("{FAE04EC0-301F-11D3-BF4B-00C04F79EFBC}") = "ejer17", "ejer17\ejer17.csproj", "{3D5CD2E4-5195-4ACA-BA7E-11FCA6355DEF}"
EndProject
Project("{FAE04EC0-301F-11D3-BF4B-00C04F79EFBC}") = "ejer18", "ejer18\ejer18.csproj", "{A8AFCDB5-6DED-4504-996A-EA2206239B82}"
EndProject
Project("{FAE04EC0-301F-11D3-BF4B-00C04F79EFBC}") = "ejer19", "ejer19\ejer19.csproj", "{7194C4F2-9DE9-44FC-9E35-8F7FBB54BA17}"
EndProject
Project("{FAE04EC0-301F-11D3-BF4B-00C04F79EFBC}") = "ejer20", "ejer20\ejer20.csproj", "{0A8B3F37-EA4D-43CE-A7D0-67D2FB3629B1}"
EndProject
Project("{2150E333-8FDC-42A3-9474-1A3956D46DE8}") = "practicos", "practicos", "{224CAFEE-1636-4524-BAED-B8B246623233}"
EndProject
Project("{FAE04EC0-301F-11D3-BF4B-00C04F79EFBC}") = "practico 1", "practico 1\practico 1.csproj", "{D2EA8FFC-1D5C-4CFA-ACAC-1023EC5DF3A2}"
EndProject
Project("{FAE04EC0-301F-11D3-BF4B-00C04F79EFBC}") = "practico 2", "practico 2\practico 2.csproj", "{8AAF1521-A9D2-4C77-AB3D-DD17B37EB7AD}"
EndProject
Project("{FAE04EC0-301F-11D3-BF4B-00C04F79EFBC}") = "practico 4", "practico 4\practico 4.csproj", "{03AFF860-165E-4C43-B76D-553FBB236BF3}"
EndProject
Project("{FAE04EC0-301F-11D3-BF4B-00C04F79EFBC}") = "proyecto 3", "proyecto 3\proyecto 3.csproj", "{1051326D-F0F7-47F2-84D9-8EAEE8A8575A}"
EndProject
Project("{FAE04EC0-301F-11D3-BF4B-00C04F79EFBC}") = "proyecto 5", "proyecto 5\proyecto 5.csproj", "{46B56C26-D17E-439C-882D-1D2B11CCB269}"
EndProject
Project("{FAE04EC0-301F-11D3-BF4B-00C04F79EFBC}") = "practico 6", "practico 6\practico 6.csproj", "{F3E383F9-6D7A-442B-A8BE-79531F67EC95}"
EndProject
Project("{FAE04EC0-301F-11D3-BF4B-00C04F79EFBC}") = "practico 7", "practico 7\practico 7.csproj", "{79605F43-A679-4425-BB92-84DC4519DE0C}"
EndProject
Project("{FAE04EC0-301F-11D3-BF4B-00C04F79EFBC}") = "proyecto 8", "proyecto 8\proyecto 8.csproj", "{4FC2B8F6-944A-42E8-ABD1-EB6992209E03}"
EndProject
Project("{FAE04EC0-301F-11D3-BF4B-00C04F79EFBC}") = "practico 9", "practico 9\practico 9.csproj", "{074FC889-3055-4BA2-8192-4DB16E6E2DFF}"
EndProject
Project("{FAE04EC0-301F-11D3-BF4B-00C04F79EFBC}") = "practico 10", "practico 10\practico 10.csproj", "{9DB0C891-D58A-45F7-A473-62FA8634719C}"
EndProject
Project("{FAE04EC0-301F-11D3-BF4B-00C04F79EFBC}") = "practico 11", "practico 11\practico 11.csproj", "{D16ACA68-A521-40AB-B867-DA9FC8790589}"
EndProject
Project("{FAE04EC0-301F-11D3-BF4B-00C04F79EFBC}") = "practico 12", "practico 12\practico 12.csproj", "{541502F8-EB42-4C9A-B0AB-89213F657A31}"
EndProject
Project("{FAE04EC0-301F-11D3-BF4B-00C04F79EFBC}") = "practico  13", "practico  13\practico  13.csproj", "{DFDE487B-F519-4B2D-8A66-FB7849AA2FE7}"
EndProject
Project("{FAE04EC0-301F-11D3-BF4B-00C04F79EFBC}") = "practico 14", "practico 14\practico 14.csproj", "{6244A1EE-4F20-42D9-9C23-95CABEFE2A88}"
EndProject
Project("{FAE04EC0-301F-11D3-BF4B-00C04F79EFBC}") = "practico 15", "practico 15\practico 15.csproj", "{21143CF3-3E9C-446B-9F4B-E9CF139C527F}"
EndProject
Project("{FAE04EC0-301F-11D3-BF4B-00C04F79EFBC}") = "practico 16", "practico 16\practico 16.csproj", "{97481C3C-AF0E-4DBF-89AA-1812FE174433}"
EndProject
Project("{FAE04EC0-301F-11D3-BF4B-00C04F79EFBC}") = "practico 17", "practico 17\practico 17.csproj", "{85ACB78E-25B3-4FA3-9A42-F4ED653755D6}"
EndProject
Project("{2150E333-8FDC-42A3-9474-1A3956D46DE8}") = "formularios", "formularios", "{B2751CFC-5DD8-44B5-9F96-BC0A1F7B0E36}"
EndProject
Project("{FAE04EC0-301F-11D3-BF4B-00C04F79EFBC}") = "form1", "form1\form1.csproj", "{9926216B-789F-450B-99CF-DC3C6644EBDF}"
EndProject
Project("{FAE04EC0-301F-11D3-BF4B-00C04F79EFBC}") = "form2", "form2\form2.csproj", "{B584E6A6-2CC3-4E25-AFC8-6982791C1E28}"
EndProject
Project("{FAE04EC0-301F-11D3-BF4B-00C04F79EFBC}") = "form 3", "form 3\form 3.csproj", "{CEB468C6-7DAC-4A05-A719-7323E2C4353C}"
EndProject
Project("{2150E333-8FDC-42A3-9474-1A3956D46DE8}") = "monogame", "monogame", "{70D25F64-4E5E-431C-AA38-E897A8122D08}"
EndProject
Project("{FAE04EC0-301F-11D3-BF4B-00C04F79EFBC}") = "Juego", "Juego\Juego.csproj", "{9FFDCEBC-9B3B-4EC0-871C-8A6EC6D4BDFE}"
EndProject
Global
	GlobalSection(SolutionConfigurationPlatforms) = preSolution
		Debug|Any CPU = Debug|Any CPU
		Release|Any CPU = Release|Any CPU
	EndGlobalSection
	GlobalSection(ProjectConfigurationPlatforms) = postSolution
		{5EA84A37-EEB7-4741-A17A-D8FC3EA94F97}.Debug|Any CPU.ActiveCfg = Debug|Any CPU
		{5EA84A37-EEB7-4741-A17A-D8FC3EA94F97}.Debug|Any CPU.Build.0 = Debug|Any CPU
		{5EA84A37-EEB7-4741-A17A-D8FC3EA94F97}.Release|Any CPU.ActiveCfg = Release|Any CPU
		{5EA84A37-EEB7-4741-A17A-D8FC3EA94F97}.Release|Any CPU.Build.0 = Release|Any CPU
		{0E3DB069-72F2-459D-86FC-7F21B5170510}.Debug|Any CPU.ActiveCfg = Debug|Any CPU
		{0E3DB069-72F2-459D-86FC-7F21B5170510}.Debug|Any CPU.Build.0 = Debug|Any CPU
		{0E3DB069-72F2-459D-86FC-7F21B5170510}.Release|Any CPU.ActiveCfg = Release|Any CPU
		{0E3DB069-72F2-459D-86FC-7F21B5170510}.Release|Any CPU.Build.0 = Release|Any CPU
		{EEF3EC5C-D5F1-4F3F-8531-DEB31A073FB7}.Debug|Any CPU.ActiveCfg = Debug|Any CPU
		{EEF3EC5C-D5F1-4F3F-8531-DEB31A073FB7}.Debug|Any CPU.Build.0 = Debug|Any CPU
		{EEF3EC5C-D5F1-4F3F-8531-DEB31A073FB7}.Release|Any CPU.ActiveCfg = Release|Any CPU
		{EEF3EC5C-D5F1-4F3F-8531-DEB31A073FB7}.Release|Any CPU.Build.0 = Release|Any CPU
		{CFC1E8C7-035E-4706-8A18-034BAD3327E4}.Debug|Any CPU.ActiveCfg = Debug|Any CPU
		{CFC1E8C7-035E-4706-8A18-034BAD3327E4}.Debug|Any CPU.Build.0 = Debug|Any CPU
		{CFC1E8C7-035E-4706-8A18-034BAD3327E4}.Release|Any CPU.ActiveCfg = Release|Any CPU
		{CFC1E8C7-035E-4706-8A18-034BAD3327E4}.Release|Any CPU.Build.0 = Release|Any CPU
		{8E00F353-51F4-4EFA-B955-D7BDD7884469}.Debug|Any CPU.ActiveCfg = Debug|Any CPU
		{8E00F353-51F4-4EFA-B955-D7BDD7884469}.Debug|Any CPU.Build.0 = Debug|Any CPU
		{8E00F353-51F4-4EFA-B955-D7BDD7884469}.Release|Any CPU.ActiveCfg = Release|Any CPU
		{8E00F353-51F4-4EFA-B955-D7BDD7884469}.Release|Any CPU.Build.0 = Release|Any CPU
		{2E20C0B3-547B-4C1D-9BC4-4F0FF690734C}.Debug|Any CPU.ActiveCfg = Debug|Any CPU
		{2E20C0B3-547B-4C1D-9BC4-4F0FF690734C}.Debug|Any CPU.Build.0 = Debug|Any CPU
		{2E20C0B3-547B-4C1D-9BC4-4F0FF690734C}.Release|Any CPU.ActiveCfg = Release|Any CPU
		{2E20C0B3-547B-4C1D-9BC4-4F0FF690734C}.Release|Any CPU.Build.0 = Release|Any CPU
		{6ED35109-7BFB-4633-88F5-390D46430A4A}.Debug|Any CPU.ActiveCfg = Debug|Any CPU
		{6ED35109-7BFB-4633-88F5-390D46430A4A}.Debug|Any CPU.Build.0 = Debug|Any CPU
		{6ED35109-7BFB-4633-88F5-390D46430A4A}.Release|Any CPU.ActiveCfg = Release|Any CPU
		{6ED35109-7BFB-4633-88F5-390D46430A4A}.Release|Any CPU.Build.0 = Release|Any CPU
		{19E2AC55-F174-4909-9D4D-6E6B45CD5FDE}.Debug|Any CPU.ActiveCfg = Debug|Any CPU
		{19E2AC55-F174-4909-9D4D-6E6B45CD5FDE}.Debug|Any CPU.Build.0 = Debug|Any CPU
		{19E2AC55-F174-4909-9D4D-6E6B45CD5FDE}.Release|Any CPU.ActiveCfg = Release|Any CPU
		{19E2AC55-F174-4909-9D4D-6E6B45CD5FDE}.Release|Any CPU.Build.0 = Release|Any CPU
		{BBD57E45-8402-456D-BC85-9DAA3C68E317}.Debug|Any CPU.ActiveCfg = Debug|Any CPU
		{BBD57E45-8402-456D-BC85-9DAA3C68E317}.Debug|Any CPU.Build.0 = Debug|Any CPU
		{BBD57E45-8402-456D-BC85-9DAA3C68E317}.Release|Any CPU.ActiveCfg = Release|Any CPU
		{BBD57E45-8402-456D-BC85-9DAA3C68E317}.Release|Any CPU.Build.0 = Release|Any CPU
		{412FA1A5-6453-4EB0-9A6D-8FC46965C77A}.Debug|Any CPU.ActiveCfg = Debug|Any CPU
		{412FA1A5-6453-4EB0-9A6D-8FC46965C77A}.Debug|Any CPU.Build.0 = Debug|Any CPU
		{412FA1A5-6453-4EB0-9A6D-8FC46965C77A}.Release|Any CPU.ActiveCfg = Release|Any CPU
		{412FA1A5-6453-4EB0-9A6D-8FC46965C77A}.Release|Any CPU.Build.0 = Release|Any CPU
		{1089ABFF-F2AC-4A5C-97A8-AC0B9A6D6E9C}.Debug|Any CPU.ActiveCfg = Debug|Any CPU
		{1089ABFF-F2AC-4A5C-97A8-AC0B9A6D6E9C}.Debug|Any CPU.Build.0 = Debug|Any CPU
		{1089ABFF-F2AC-4A5C-97A8-AC0B9A6D6E9C}.Release|Any CPU.ActiveCfg = Release|Any CPU
		{1089ABFF-F2AC-4A5C-97A8-AC0B9A6D6E9C}.Release|Any CPU.Build.0 = Release|Any CPU
		{8227D7D6-0856-45C5-83C8-F7ABFA9FD36B}.Debug|Any CPU.ActiveCfg = Debug|Any CPU
		{8227D7D6-0856-45C5-83C8-F7ABFA9FD36B}.Debug|Any CPU.Build.0 = Debug|Any CPU
		{8227D7D6-0856-45C5-83C8-F7ABFA9FD36B}.Release|Any CPU.ActiveCfg = Release|Any CPU
		{8227D7D6-0856-45C5-83C8-F7ABFA9FD36B}.Release|Any CPU.Build.0 = Release|Any CPU
		{96784769-6A00-4161-8FD2-630B84465AD5}.Debug|Any CPU.ActiveCfg = Debug|Any CPU
		{96784769-6A00-4161-8FD2-630B84465AD5}.Debug|Any CPU.Build.0 = Debug|Any CPU
		{96784769-6A00-4161-8FD2-630B84465AD5}.Release|Any CPU.ActiveCfg = Release|Any CPU
		{96784769-6A00-4161-8FD2-630B84465AD5}.Release|Any CPU.Build.0 = Release|Any CPU
		{3D5CD2E4-5195-4ACA-BA7E-11FCA6355DEF}.Debug|Any CPU.ActiveCfg = Debug|Any CPU
		{3D5CD2E4-5195-4ACA-BA7E-11FCA6355DEF}.Debug|Any CPU.Build.0 = Debug|Any CPU
		{3D5CD2E4-5195-4ACA-BA7E-11FCA6355DEF}.Release|Any CPU.ActiveCfg = Release|Any CPU
		{3D5CD2E4-5195-4ACA-BA7E-11FCA6355DEF}.Release|Any CPU.Build.0 = Release|Any CPU
		{A8AFCDB5-6DED-4504-996A-EA2206239B82}.Debug|Any CPU.ActiveCfg = Debug|Any CPU
		{A8AFCDB5-6DED-4504-996A-EA2206239B82}.Debug|Any CPU.Build.0 = Debug|Any CPU
		{A8AFCDB5-6DED-4504-996A-EA2206239B82}.Release|Any CPU.ActiveCfg = Release|Any CPU
		{A8AFCDB5-6DED-4504-996A-EA2206239B82}.Release|Any CPU.Build.0 = Release|Any CPU
		{7194C4F2-9DE9-44FC-9E35-8F7FBB54BA17}.Debug|Any CPU.ActiveCfg = Debug|Any CPU
		{7194C4F2-9DE9-44FC-9E35-8F7FBB54BA17}.Debug|Any CPU.Build.0 = Debug|Any CPU
		{7194C4F2-9DE9-44FC-9E35-8F7FBB54BA17}.Release|Any CPU.ActiveCfg = Release|Any CPU
		{7194C4F2-9DE9-44FC-9E35-8F7FBB54BA17}.Release|Any CPU.Build.0 = Release|Any CPU
		{0A8B3F37-EA4D-43CE-A7D0-67D2FB3629B1}.Debug|Any CPU.ActiveCfg = Debug|Any CPU
		{0A8B3F37-EA4D-43CE-A7D0-67D2FB3629B1}.Debug|Any CPU.Build.0 = Debug|Any CPU
		{0A8B3F37-EA4D-43CE-A7D0-67D2FB3629B1}.Release|Any CPU.ActiveCfg = Release|Any CPU
		{0A8B3F37-EA4D-43CE-A7D0-67D2FB3629B1}.Release|Any CPU.Build.0 = Release|Any CPU
		{D2EA8FFC-1D5C-4CFA-ACAC-1023EC5DF3A2}.Debug|Any CPU.ActiveCfg = Debug|Any CPU
		{D2EA8FFC-1D5C-4CFA-ACAC-1023EC5DF3A2}.Debug|Any CPU.Build.0 = Debug|Any CPU
		{D2EA8FFC-1D5C-4CFA-ACAC-1023EC5DF3A2}.Release|Any CPU.ActiveCfg = Release|Any CPU
		{D2EA8FFC-1D5C-4CFA-ACAC-1023EC5DF3A2}.Release|Any CPU.Build.0 = Release|Any CPU
		{8AAF1521-A9D2-4C77-AB3D-DD17B37EB7AD}.Debug|Any CPU.ActiveCfg = Debug|Any CPU
		{8AAF1521-A9D2-4C77-AB3D-DD17B37EB7AD}.Debug|Any CPU.Build.0 = Debug|Any CPU
		{8AAF1521-A9D2-4C77-AB3D-DD17B37EB7AD}.Release|Any CPU.ActiveCfg = Release|Any CPU
		{8AAF1521-A9D2-4C77-AB3D-DD17B37EB7AD}.Release|Any CPU.Build.0 = Release|Any CPU
		{03AFF860-165E-4C43-B76D-553FBB236BF3}.Debug|Any CPU.ActiveCfg = Debug|Any CPU
		{03AFF860-165E-4C43-B76D-553FBB236BF3}.Debug|Any CPU.Build.0 = Debug|Any CPU
		{03AFF860-165E-4C43-B76D-553FBB236BF3}.Release|Any CPU.ActiveCfg = Release|Any CPU
		{03AFF860-165E-4C43-B76D-553FBB236BF3}.Release|Any CPU.Build.0 = Release|Any CPU
		{1051326D-F0F7-47F2-84D9-8EAEE8A8575A}.Debug|Any CPU.ActiveCfg = Debug|Any CPU
		{1051326D-F0F7-47F2-84D9-8EAEE8A8575A}.Debug|Any CPU.Build.0 = Debug|Any CPU
		{1051326D-F0F7-47F2-84D9-8EAEE8A8575A}.Release|Any CPU.ActiveCfg = Release|Any CPU
		{1051326D-F0F7-47F2-84D9-8EAEE8A8575A}.Release|Any CPU.Build.0 = Release|Any CPU
		{46B56C26-D17E-439C-882D-1D2B11CCB269}.Debug|Any CPU.ActiveCfg = Debug|Any CPU
		{46B56C26-D17E-439C-882D-1D2B11CCB269}.Debug|Any CPU.Build.0 = Debug|Any CPU
		{46B56C26-D17E-439C-882D-1D2B11CCB269}.Release|Any CPU.ActiveCfg = Release|Any CPU
		{46B56C26-D17E-439C-882D-1D2B11CCB269}.Release|Any CPU.Build.0 = Release|Any CPU
		{F3E383F9-6D7A-442B-A8BE-79531F67EC95}.Debug|Any CPU.ActiveCfg = Debug|Any CPU
		{F3E383F9-6D7A-442B-A8BE-79531F67EC95}.Debug|Any CPU.Build.0 = Debug|Any CPU
		{F3E383F9-6D7A-442B-A8BE-79531F67EC95}.Release|Any CPU.ActiveCfg = Release|Any CPU
		{F3E383F9-6D7A-442B-A8BE-79531F67EC95}.Release|Any CPU.Build.0 = Release|Any CPU
		{79605F43-A679-4425-BB92-84DC4519DE0C}.Debug|Any CPU.ActiveCfg = Debug|Any CPU
		{79605F43-A679-4425-BB92-84DC4519DE0C}.Debug|Any CPU.Build.0 = Debug|Any CPU
		{79605F43-A679-4425-BB92-84DC4519DE0C}.Release|Any CPU.ActiveCfg = Release|Any CPU
		{79605F43-A679-4425-BB92-84DC4519DE0C}.Release|Any CPU.Build.0 = Release|Any CPU
		{4FC2B8F6-944A-42E8-ABD1-EB6992209E03}.Debug|Any CPU.ActiveCfg = Debug|Any CPU
		{4FC2B8F6-944A-42E8-ABD1-EB6992209E03}.Debug|Any CPU.Build.0 = Debug|Any CPU
		{4FC2B8F6-944A-42E8-ABD1-EB6992209E03}.Release|Any CPU.ActiveCfg = Release|Any CPU
		{4FC2B8F6-944A-42E8-ABD1-EB6992209E03}.Release|Any CPU.Build.0 = Release|Any CPU
		{074FC889-3055-4BA2-8192-4DB16E6E2DFF}.Debug|Any CPU.ActiveCfg = Debug|Any CPU
		{074FC889-3055-4BA2-8192-4DB16E6E2DFF}.Debug|Any CPU.Build.0 = Debug|Any CPU
		{074FC889-3055-4BA2-8192-4DB16E6E2DFF}.Release|Any CPU.ActiveCfg = Release|Any CPU
		{074FC889-3055-4BA2-8192-4DB16E6E2DFF}.Release|Any CPU.Build.0 = Release|Any CPU
		{9DB0C891-D58A-45F7-A473-62FA8634719C}.Debug|Any CPU.ActiveCfg = Debug|Any CPU
		{9DB0C891-D58A-45F7-A473-62FA8634719C}.Debug|Any CPU.Build.0 = Debug|Any CPU
		{9DB0C891-D58A-45F7-A473-62FA8634719C}.Release|Any CPU.ActiveCfg = Release|Any CPU
		{9DB0C891-D58A-45F7-A473-62FA8634719C}.Release|Any CPU.Build.0 = Release|Any CPU
		{D16ACA68-A521-40AB-B867-DA9FC8790589}.Debug|Any CPU.ActiveCfg = Debug|Any CPU
		{D16ACA68-A521-40AB-B867-DA9FC8790589}.Debug|Any CPU.Build.0 = Debug|Any CPU
		{D16ACA68-A521-40AB-B867-DA9FC8790589}.Release|Any CPU.ActiveCfg = Release|Any CPU
		{D16ACA68-A521-40AB-B867-DA9FC8790589}.Release|Any CPU.Build.0 = Release|Any CPU
		{541502F8-EB42-4C9A-B0AB-89213F657A31}.Debug|Any CPU.ActiveCfg = Debug|Any CPU
		{541502F8-EB42-4C9A-B0AB-89213F657A31}.Debug|Any CPU.Build.0 = Debug|Any CPU
		{541502F8-EB42-4C9A-B0AB-89213F657A31}.Release|Any CPU.ActiveCfg = Release|Any CPU
		{541502F8-EB42-4C9A-B0AB-89213F657A31}.Release|Any CPU.Build.0 = Release|Any CPU
		{DFDE487B-F519-4B2D-8A66-FB7849AA2FE7}.Debug|Any CPU.ActiveCfg = Debug|Any CPU
		{DFDE487B-F519-4B2D-8A66-FB7849AA2FE7}.Debug|Any CPU.Build.0 = Debug|Any CPU
		{DFDE487B-F519-4B2D-8A66-FB7849AA2FE7}.Release|Any CPU.ActiveCfg = Release|Any CPU
		{DFDE487B-F519-4B2D-8A66-FB7849AA2FE7}.Release|Any CPU.Build.0 = Release|Any CPU
		{6244A1EE-4F20-42D9-9C23-95CABEFE2A88}.Debug|Any CPU.ActiveCfg = Debug|Any CPU
		{6244A1EE-4F20-42D9-9C23-95CABEFE2A88}.Debug|Any CPU.Build.0 = Debug|Any CPU
		{6244A1EE-4F20-42D9-9C23-95CABEFE2A88}.Release|Any CPU.ActiveCfg = Release|Any CPU
		{6244A1EE-4F20-42D9-9C23-95CABEFE2A88}.Release|Any CPU.Build.0 = Release|Any CPU
		{21143CF3-3E9C-446B-9F4B-E9CF139C527F}.Debug|Any CPU.ActiveCfg = Debug|Any CPU
		{21143CF3-3E9C-446B-9F4B-E9CF139C527F}.Debug|Any CPU.Build.0 = Debug|Any CPU
		{21143CF3-3E9C-446B-9F4B-E9CF139C527F}.Release|Any CPU.ActiveCfg = Release|Any CPU
		{21143CF3-3E9C-446B-9F4B-E9CF139C527F}.Release|Any CPU.Build.0 = Release|Any CPU
		{97481C3C-AF0E-4DBF-89AA-1812FE174433}.Debug|Any CPU.ActiveCfg = Debug|Any CPU
		{97481C3C-AF0E-4DBF-89AA-1812FE174433}.Debug|Any CPU.Build.0 = Debug|Any CPU
		{97481C3C-AF0E-4DBF-89AA-1812FE174433}.Release|Any CPU.ActiveCfg = Release|Any CPU
		{97481C3C-AF0E-4DBF-89AA-1812FE174433}.Release|Any CPU.Build.0 = Release|Any CPU
		{85ACB78E-25B3-4FA3-9A42-F4ED653755D6}.Debug|Any CPU.ActiveCfg = Debug|Any CPU
		{85ACB78E-25B3-4FA3-9A42-F4ED653755D6}.Debug|Any CPU.Build.0 = Debug|Any CPU
		{85ACB78E-25B3-4FA3-9A42-F4ED653755D6}.Release|Any CPU.ActiveCfg = Release|Any CPU
		{85ACB78E-25B3-4FA3-9A42-F4ED653755D6}.Release|Any CPU.Build.0 = Release|Any CPU
		{9926216B-789F-450B-99CF-DC3C6644EBDF}.Debug|Any CPU.ActiveCfg = Debug|Any CPU
		{9926216B-789F-450B-99CF-DC3C6644EBDF}.Debug|Any CPU.Build.0 = Debug|Any CPU
		{9926216B-789F-450B-99CF-DC3C6644EBDF}.Release|Any CPU.ActiveCfg = Release|Any CPU
		{9926216B-789F-450B-99CF-DC3C6644EBDF}.Release|Any CPU.Build.0 = Release|Any CPU
		{B584E6A6-2CC3-4E25-AFC8-6982791C1E28}.Debug|Any CPU.ActiveCfg = Debug|Any CPU
		{B584E6A6-2CC3-4E25-AFC8-6982791C1E28}.Debug|Any CPU.Build.0 = Debug|Any CPU
		{B584E6A6-2CC3-4E25-AFC8-6982791C1E28}.Release|Any CPU.ActiveCfg = Release|Any CPU
		{B584E6A6-2CC3-4E25-AFC8-6982791C1E28}.Release|Any CPU.Build.0 = Release|Any CPU
		{CEB468C6-7DAC-4A05-A719-7323E2C4353C}.Debug|Any CPU.ActiveCfg = Debug|Any CPU
		{CEB468C6-7DAC-4A05-A719-7323E2C4353C}.Debug|Any CPU.Build.0 = Debug|Any CPU
		{CEB468C6-7DAC-4A05-A719-7323E2C4353C}.Release|Any CPU.ActiveCfg = Release|Any CPU
		{CEB468C6-7DAC-4A05-A719-7323E2C4353C}.Release|Any CPU.Build.0 = Release|Any CPU
		{9FFDCEBC-9B3B-4EC0-871C-8A6EC6D4BDFE}.Debug|Any CPU.ActiveCfg = Debug|Any CPU
		{9FFDCEBC-9B3B-4EC0-871C-8A6EC6D4BDFE}.Debug|Any CPU.Build.0 = Debug|Any CPU
		{9FFDCEBC-9B3B-4EC0-871C-8A6EC6D4BDFE}.Release|Any CPU.ActiveCfg = Release|Any CPU
		{9FFDCEBC-9B3B-4EC0-871C-8A6EC6D4BDFE}.Release|Any CPU.Build.0 = Release|Any CPU
	EndGlobalSection
	GlobalSection(SolutionProperties) = preSolution
		HideSolutionNode = FALSE
	EndGlobalSection
	GlobalSection(NestedProjects) = preSolution
		{D2EA8FFC-1D5C-4CFA-ACAC-1023EC5DF3A2} = {224CAFEE-1636-4524-BAED-B8B246623233}
		{8AAF1521-A9D2-4C77-AB3D-DD17B37EB7AD} = {224CAFEE-1636-4524-BAED-B8B246623233}
		{03AFF860-165E-4C43-B76D-553FBB236BF3} = {224CAFEE-1636-4524-BAED-B8B246623233}
		{1051326D-F0F7-47F2-84D9-8EAEE8A8575A} = {224CAFEE-1636-4524-BAED-B8B246623233}
		{46B56C26-D17E-439C-882D-1D2B11CCB269} = {224CAFEE-1636-4524-BAED-B8B246623233}
		{F3E383F9-6D7A-442B-A8BE-79531F67EC95} = {224CAFEE-1636-4524-BAED-B8B246623233}
		{79605F43-A679-4425-BB92-84DC4519DE0C} = {224CAFEE-1636-4524-BAED-B8B246623233}
		{4FC2B8F6-944A-42E8-ABD1-EB6992209E03} = {224CAFEE-1636-4524-BAED-B8B246623233}
		{074FC889-3055-4BA2-8192-4DB16E6E2DFF} = {224CAFEE-1636-4524-BAED-B8B246623233}
		{9DB0C891-D58A-45F7-A473-62FA8634719C} = {224CAFEE-1636-4524-BAED-B8B246623233}
		{D16ACA68-A521-40AB-B867-DA9FC8790589} = {224CAFEE-1636-4524-BAED-B8B246623233}
		{541502F8-EB42-4C9A-B0AB-89213F657A31} = {224CAFEE-1636-4524-BAED-B8B246623233}
		{DFDE487B-F519-4B2D-8A66-FB7849AA2FE7} = {224CAFEE-1636-4524-BAED-B8B246623233}
		{6244A1EE-4F20-42D9-9C23-95CABEFE2A88} = {224CAFEE-1636-4524-BAED-B8B246623233}
		{21143CF3-3E9C-446B-9F4B-E9CF139C527F} = {224CAFEE-1636-4524-BAED-B8B246623233}
		{97481C3C-AF0E-4DBF-89AA-1812FE174433} = {224CAFEE-1636-4524-BAED-B8B246623233}
		{85ACB78E-25B3-4FA3-9A42-F4ED653755D6} = {224CAFEE-1636-4524-BAED-B8B246623233}
		{9926216B-789F-450B-99CF-DC3C6644EBDF} = {B2751CFC-5DD8-44B5-9F96-BC0A1F7B0E36}
		{B584E6A6-2CC3-4E25-AFC8-6982791C1E28} = {B2751CFC-5DD8-44B5-9F96-BC0A1F7B0E36}
		{CEB468C6-7DAC-4A05-A719-7323E2C4353C} = {B2751CFC-5DD8-44B5-9F96-BC0A1F7B0E36}
		{9FFDCEBC-9B3B-4EC0-871C-8A6EC6D4BDFE} = {70D25F64-4E5E-431C-AA38-E897A8122D08}
	EndGlobalSection
	GlobalSection(ExtensibilityGlobals) = postSolution
		SolutionGuid = {DA4CC561-5E7E-469D-9396-28008C646B17}
	EndGlobalSection
EndGlobal
