
Microsoft Visual Studio Solution File, Format Version 12.00
# Visual Studio Version 16
VisualStudioVersion = 16.0.32802.440
MinimumVisualStudioVersion = 10.0.40219.1
Project("{FAE04EC0-301F-11D3-BF4B-00C04F79EFBC}") = "ejer4", "ejer4\ejer4.csproj", "{5EA84A37-EEB7-4741-A17A-D8FC3EA94F97}"
EndProject
Project("{FAE04EC0-301F-11D3-BF4B-00C04F79EFBC}") = "ejer5", "ejer5\ejer5.csproj", "{0E3DB069-72F2-459D-86FC-7F21B5170510}"
EndProject
Global
	GlobalSection(SolutionConfigurationPlatforms) = preSolution
		Debug|Any CPU = Debug|Any CPU
		Release|Any CPU = Release|Any CPU
	EndGlobalSection
	GlobalSection(ProjectConfigurationPlatforms) = postSolution
		{5EA84A37-EEB7-4741-A17A-D8FC3EA94F97}.Debug|Any CPU.ActiveCfg = Debug|Any CPU
		{5EA84A37-EEB7-4741-A17A-D8FC3EA94F97}.Debug|Any CPU.Build.0 = Debug|Any CPU
		{5EA84A37-EEB7-4741-A17A-D8FC3EA94F97}.Release|Any CPU.ActiveCfg = Release|Any CPU
		{5EA84A37-EEB7-4741-A17A-D8FC3EA94F97}.Release|Any CPU.Build.0 = Release|Any CPU
		{0E3DB069-72F2-459D-86FC-7F21B5170510}.Debug|Any CPU.ActiveCfg = Debug|Any CPU
		{0E3DB069-72F2-459D-86FC-7F21B5170510}.Debug|Any CPU.Build.0 = Debug|Any CPU
		{0E3DB069-72F2-459D-86FC-7F21B5170510}.Release|Any CPU.ActiveCfg = Release|Any CPU
		{0E3DB069-72F2-459D-86FC-7F21B5170510}.Release|Any CPU.Build.0 = Release|Any CPU
	EndGlobalSection
	GlobalSection(SolutionProperties) = preSolution
		HideSolutionNode = FALSE
	EndGlobalSection
	GlobalSection(ExtensibilityGlobals) = postSolution
		SolutionGuid = {DA4CC561-5E7E-469D-9396-28008C646B17}
	EndGlobalSection
EndGlobal
